
Microsoft Visual Studio Solution File, Format Version 12.00
# Visual Studio Version 17
VisualStudioVersion = 17.3.32929.385
MinimumVisualStudioVersion = 10.0.40219.1
Project("{FAE04EC0-301F-11D3-BF4B-00C04F79EFBC}") = "Chirita_Miruna_Lab1", "Chirita_Miruna_Lab1\Chirita_Miruna_Lab1.csproj", "{FECBD160-6E51-477A-8C1A-8F35B5BBD8C2}"
EndProject
Global
	GlobalSection(SolutionConfigurationPlatforms) = preSolution
		Debug|Any CPU = Debug|Any CPU
		Release|Any CPU = Release|Any CPU
	EndGlobalSection
	GlobalSection(ProjectConfigurationPlatforms) = postSolution
		{FECBD160-6E51-477A-8C1A-8F35B5BBD8C2}.Debug|Any CPU.ActiveCfg = Debug|Any CPU
		{FECBD160-6E51-477A-8C1A-8F35B5BBD8C2}.Debug|Any CPU.Build.0 = Debug|Any CPU
		{FECBD160-6E51-477A-8C1A-8F35B5BBD8C2}.Release|Any CPU.ActiveCfg = Release|Any CPU
		{FECBD160-6E51-477A-8C1A-8F35B5BBD8C2}.Release|Any CPU.Build.0 = Release|Any CPU
	EndGlobalSection
	GlobalSection(SolutionProperties) = preSolution
		HideSolutionNode = FALSE
	EndGlobalSection
	GlobalSection(ExtensibilityGlobals) = postSolution
		SolutionGuid = {EC8FA1AB-9B11-4608-B923-591209827C05}
	EndGlobalSection
EndGlobal
